
Microsoft Visual Studio Solution File, Format Version 12.00
# Visual Studio Version 17
VisualStudioVersion = 17.9.34723.18
MinimumVisualStudioVersion = 10.0.40219.1
Project("{FAE04EC0-301F-11D3-BF4B-00C04F79EFBC}") = "Crud_Operations", "Crud_Operations\Crud_Operations.csproj", "{B976679E-2A88-48FE-BD4B-D938B12C3A24}"
EndProject
Global
	GlobalSection(SolutionConfigurationPlatforms) = preSolution
		Debug|Any CPU = Debug|Any CPU
		Release|Any CPU = Release|Any CPU
	EndGlobalSection
	GlobalSection(ProjectConfigurationPlatforms) = postSolution
		{B976679E-2A88-48FE-BD4B-D938B12C3A24}.Debug|Any CPU.ActiveCfg = Debug|Any CPU
		{B976679E-2A88-48FE-BD4B-D938B12C3A24}.Debug|Any CPU.Build.0 = Debug|Any CPU
		{B976679E-2A88-48FE-BD4B-D938B12C3A24}.Release|Any CPU.ActiveCfg = Release|Any CPU
		{B976679E-2A88-48FE-BD4B-D938B12C3A24}.Release|Any CPU.Build.0 = Release|Any CPU
	EndGlobalSection
	GlobalSection(SolutionProperties) = preSolution
		HideSolutionNode = FALSE
	EndGlobalSection
	GlobalSection(ExtensibilityGlobals) = postSolution
		SolutionGuid = {1B0C6D46-0C90-4F62-882B-1545C5486659}
	EndGlobalSection
EndGlobal
